
Microsoft Visual Studio Solution File, Format Version 12.00
# Visual Studio 15
VisualStudioVersion = 15.0.28307.438
MinimumVisualStudioVersion = 10.0.40219.1
Project("{FAE04EC0-301F-11D3-BF4B-00C04F79EFBC}") = "TelcelVS", "TelcelVS\TelcelVS.csproj", "{9576F24C-57A3-40EE-B0D0-BF45B68C22E0}"
EndProject
Global
	GlobalSection(SolutionConfigurationPlatforms) = preSolution
		Debug|Any CPU = Debug|Any CPU
		Release|Any CPU = Release|Any CPU
	EndGlobalSection
	GlobalSection(ProjectConfigurationPlatforms) = postSolution
		{9576F24C-57A3-40EE-B0D0-BF45B68C22E0}.Debug|Any CPU.ActiveCfg = Debug|Any CPU
		{9576F24C-57A3-40EE-B0D0-BF45B68C22E0}.Debug|Any CPU.Build.0 = Debug|Any CPU
		{9576F24C-57A3-40EE-B0D0-BF45B68C22E0}.Release|Any CPU.ActiveCfg = Release|Any CPU
		{9576F24C-57A3-40EE-B0D0-BF45B68C22E0}.Release|Any CPU.Build.0 = Release|Any CPU
	EndGlobalSection
	GlobalSection(SolutionProperties) = preSolution
		HideSolutionNode = FALSE
	EndGlobalSection
	GlobalSection(ExtensibilityGlobals) = postSolution
		SolutionGuid = {16E02FC8-E338-4DDC-ADB0-ADA742C4617B}
	EndGlobalSection
EndGlobal
